
Microsoft Visual Studio Solution File, Format Version 12.00
# Visual Studio Version 16
VisualStudioVersion = 16.0.30621.155
MinimumVisualStudioVersion = 10.0.40219.1
Project("{2150E333-8FDC-42A3-9474-1A3956D46DE8}") = "src", "src", "{AFAA0841-BD93-466F-B8F4-FB4EEC86F1FC}"
EndProject
Project("{2150E333-8FDC-42A3-9474-1A3956D46DE8}") = "test", "test", "{F10AA149-2626-486E-85BB-9CD5365F3016}"
EndProject
Project("{2150E333-8FDC-42A3-9474-1A3956D46DE8}") = "MyPractice", "MyPractice", "{276450E4-35D7-4C30-87AA-987820E6CD70}"
EndProject
Project("{2150E333-8FDC-42A3-9474-1A3956D46DE8}") = "Core", "Core", "{3DAE0598-10C9-40DC-A075-85E8A7638F13}"
EndProject
Project("{9A19103F-16F7-4668-BE54-9A1E7A4F7556}") = "CoreApiSwaggerDemo", "CoreApiSwaggerDemo\CoreApiSwaggerDemo.csproj", "{E8F586F2-8A6A-46F1-BF3C-2D6FC8C9D15B}"
EndProject
Project("{9A19103F-16F7-4668-BE54-9A1E7A4F7556}") = "net5Test", "net5Test\net5Test.csproj", "{B112B57F-D181-4C24-ACE5-F08B01707259}"
EndProject
Project("{9A19103F-16F7-4668-BE54-9A1E7A4F7556}") = "CoreAppConsole", "..\..\abp\MyProject\5.8.1\aspnet-core\CoreAppConsole\CoreAppConsole.csproj", "{EB62CFEC-AA44-4D12-A310-821DA6377D9A}"
EndProject
Project("{9A19103F-16F7-4668-BE54-9A1E7A4F7556}") = "TodoApi", "..\..\abp\MyProject\5.8.1\aspnet-core\TodoApi\TodoApi.csproj", "{296E3B06-A540-4345-B9D3-FB150ED19D3B}"
EndProject
Project("{9A19103F-16F7-4668-BE54-9A1E7A4F7556}") = "MyProject.Tests", "..\..\abp\MyProject\5.8.1\aspnet-core\test\MyProject.Tests\MyProject.Tests.csproj", "{B18625E1-23A0-4F75-B609-9AD8CFF77846}"
EndProject
Global
	GlobalSection(SolutionConfigurationPlatforms) = preSolution
		Debug|Any CPU = Debug|Any CPU
		Release|Any CPU = Release|Any CPU
	EndGlobalSection
	GlobalSection(ProjectConfigurationPlatforms) = postSolution
		{E8F586F2-8A6A-46F1-BF3C-2D6FC8C9D15B}.Debug|Any CPU.ActiveCfg = Debug|Any CPU
		{E8F586F2-8A6A-46F1-BF3C-2D6FC8C9D15B}.Debug|Any CPU.Build.0 = Debug|Any CPU
		{E8F586F2-8A6A-46F1-BF3C-2D6FC8C9D15B}.Release|Any CPU.ActiveCfg = Release|Any CPU
		{E8F586F2-8A6A-46F1-BF3C-2D6FC8C9D15B}.Release|Any CPU.Build.0 = Release|Any CPU
		{B112B57F-D181-4C24-ACE5-F08B01707259}.Debug|Any CPU.ActiveCfg = Debug|Any CPU
		{B112B57F-D181-4C24-ACE5-F08B01707259}.Debug|Any CPU.Build.0 = Debug|Any CPU
		{B112B57F-D181-4C24-ACE5-F08B01707259}.Release|Any CPU.ActiveCfg = Release|Any CPU
		{B112B57F-D181-4C24-ACE5-F08B01707259}.Release|Any CPU.Build.0 = Release|Any CPU
		{EB62CFEC-AA44-4D12-A310-821DA6377D9A}.Debug|Any CPU.ActiveCfg = Debug|Any CPU
		{EB62CFEC-AA44-4D12-A310-821DA6377D9A}.Debug|Any CPU.Build.0 = Debug|Any CPU
		{EB62CFEC-AA44-4D12-A310-821DA6377D9A}.Release|Any CPU.ActiveCfg = Release|Any CPU
		{EB62CFEC-AA44-4D12-A310-821DA6377D9A}.Release|Any CPU.Build.0 = Release|Any CPU
		{296E3B06-A540-4345-B9D3-FB150ED19D3B}.Debug|Any CPU.ActiveCfg = Debug|Any CPU
		{296E3B06-A540-4345-B9D3-FB150ED19D3B}.Debug|Any CPU.Build.0 = Debug|Any CPU
		{296E3B06-A540-4345-B9D3-FB150ED19D3B}.Release|Any CPU.ActiveCfg = Release|Any CPU
		{296E3B06-A540-4345-B9D3-FB150ED19D3B}.Release|Any CPU.Build.0 = Release|Any CPU
		{B18625E1-23A0-4F75-B609-9AD8CFF77846}.Debug|Any CPU.ActiveCfg = Debug|Any CPU
		{B18625E1-23A0-4F75-B609-9AD8CFF77846}.Debug|Any CPU.Build.0 = Debug|Any CPU
		{B18625E1-23A0-4F75-B609-9AD8CFF77846}.Release|Any CPU.ActiveCfg = Release|Any CPU
		{B18625E1-23A0-4F75-B609-9AD8CFF77846}.Release|Any CPU.Build.0 = Release|Any CPU
	EndGlobalSection
	GlobalSection(SolutionProperties) = preSolution
		HideSolutionNode = FALSE
	EndGlobalSection
	GlobalSection(NestedProjects) = preSolution
		{3DAE0598-10C9-40DC-A075-85E8A7638F13} = {276450E4-35D7-4C30-87AA-987820E6CD70}
		{E8F586F2-8A6A-46F1-BF3C-2D6FC8C9D15B} = {3DAE0598-10C9-40DC-A075-85E8A7638F13}
		{B112B57F-D181-4C24-ACE5-F08B01707259} = {276450E4-35D7-4C30-87AA-987820E6CD70}
		{EB62CFEC-AA44-4D12-A310-821DA6377D9A} = {276450E4-35D7-4C30-87AA-987820E6CD70}
		{296E3B06-A540-4345-B9D3-FB150ED19D3B} = {3DAE0598-10C9-40DC-A075-85E8A7638F13}
		{B18625E1-23A0-4F75-B609-9AD8CFF77846} = {F10AA149-2626-486E-85BB-9CD5365F3016}
	EndGlobalSection
	GlobalSection(ExtensibilityGlobals) = postSolution
		SolutionGuid = {926BEA53-9294-42B1-815D-F02430006ADA}
	EndGlobalSection
EndGlobal
